
Microsoft Visual Studio Solution File, Format Version 12.00
Project("{FAE04EC0-301F-11D3-BF4B-00C04F79EFBC}") = "Master", "Master\Master.csproj", "{E8257260-F5C8-4571-8FC4-EE92C3DB39C0}"
EndProject
Global
	GlobalSection(SolutionConfigurationPlatforms) = preSolution
		Debug|Any CPU = Debug|Any CPU
		Release|Any CPU = Release|Any CPU
	EndGlobalSection
	GlobalSection(ProjectConfigurationPlatforms) = postSolution
		{E8257260-F5C8-4571-8FC4-EE92C3DB39C0}.Debug|Any CPU.ActiveCfg = Debug|Any CPU
		{E8257260-F5C8-4571-8FC4-EE92C3DB39C0}.Debug|Any CPU.Build.0 = Debug|Any CPU
		{E8257260-F5C8-4571-8FC4-EE92C3DB39C0}.Release|Any CPU.ActiveCfg = Release|Any CPU
		{E8257260-F5C8-4571-8FC4-EE92C3DB39C0}.Release|Any CPU.Build.0 = Release|Any CPU
	EndGlobalSection
EndGlobal
